
Microsoft Visual Studio Solution File, Format Version 12.00
# Visual Studio Version 17
VisualStudioVersion = 17.5.002.0
MinimumVisualStudioVersion = 10.0.40219.1
Project("{9A19103F-16F7-4668-BE54-9A1E7A4F7556}") = "SecondHeist", "SecondHeist.csproj", "{684CC0F7-F257-4A54-9C97-71F466493F96}"
EndProject
Global
	GlobalSection(SolutionConfigurationPlatforms) = preSolution
		Debug|Any CPU = Debug|Any CPU
		Release|Any CPU = Release|Any CPU
	EndGlobalSection
	GlobalSection(ProjectConfigurationPlatforms) = postSolution
		{684CC0F7-F257-4A54-9C97-71F466493F96}.Debug|Any CPU.ActiveCfg = Debug|Any CPU
		{684CC0F7-F257-4A54-9C97-71F466493F96}.Debug|Any CPU.Build.0 = Debug|Any CPU
		{684CC0F7-F257-4A54-9C97-71F466493F96}.Release|Any CPU.ActiveCfg = Release|Any CPU
		{684CC0F7-F257-4A54-9C97-71F466493F96}.Release|Any CPU.Build.0 = Release|Any CPU
	EndGlobalSection
	GlobalSection(SolutionProperties) = preSolution
		HideSolutionNode = FALSE
	EndGlobalSection
	GlobalSection(ExtensibilityGlobals) = postSolution
		SolutionGuid = {7FA76D41-78EA-42A8-8360-D08BDB993441}
	EndGlobalSection
EndGlobal
